// !$*UTF8*$!
{
	archiveVersion = 1;
	classes = {
	};
	objectVersion = 55;
	objects = {

/* Begin PBXBuildFile section */
		710888B628B4ECAD00F6AE6C /* AppDelegate.swift in Sources */ = {isa = PBXBuildFile; fileRef = 710888B528B4ECAD00F6AE6C /* AppDelegate.swift */; };
		710888B828B4ECAD00F6AE6C /* SceneDelegate.swift in Sources */ = {isa = PBXBuildFile; fileRef = 710888B728B4ECAD00F6AE6C /* SceneDelegate.swift */; };
		710888BA28B4ECAD00F6AE6C /* ViewController.swift in Sources */ = {isa = PBXBuildFile; fileRef = 710888B928B4ECAD00F6AE6C /* ViewController.swift */; };
		710888BD28B4ECAD00F6AE6C /* Main.storyboard in Resources */ = {isa = PBXBuildFile; fileRef = 710888BB28B4ECAD00F6AE6C /* Main.storyboard */; };
		710888BF28B4ECAE00F6AE6C /* Assets.xcassets in Resources */ = {isa = PBXBuildFile; fileRef = 710888BE28B4ECAE00F6AE6C /* Assets.xcassets */; };
		710888C228B4ECAE00F6AE6C /* LaunchScreen.storyboard in Resources */ = {isa = PBXBuildFile; fileRef = 710888C028B4ECAE00F6AE6C /* LaunchScreen.storyboard */; };
		710888CD28B4ECAF00F6AE6C /* PalindromCheckerTests.swift in Sources */ = {isa = PBXBuildFile; fileRef = 710888CC28B4ECAF00F6AE6C /* PalindromCheckerTests.swift */; };
		710888D728B4ECAF00F6AE6C /* PalindromCheckerUITests.swift in Sources */ = {isa = PBXBuildFile; fileRef = 710888D628B4ECAF00F6AE6C /* PalindromCheckerUITests.swift */; };
		710888D928B4ECAF00F6AE6C /* PalindromCheckerUITestsLaunchTests.swift in Sources */ = {isa = PBXBuildFile; fileRef = 710888D828B4ECAF00F6AE6C /* PalindromCheckerUITestsLaunchTests.swift */; };
		7121887428B5088700142BE9 /* String+Palindrom.swift in Sources */ = {isa = PBXBuildFile; fileRef = 7121887328B5088700142BE9 /* String+Palindrom.swift */; };
/* End PBXBuildFile section */

/* Begin PBXContainerItemProxy section */
		710888C928B4ECAF00F6AE6C /* PBXContainerItemProxy */ = {
			isa = PBXContainerItemProxy;
			containerPortal = 710888AA28B4ECAD00F6AE6C /* Project object */;
			proxyType = 1;
			remoteGlobalIDString = 710888B128B4ECAD00F6AE6C;
			remoteInfo = PalindromChecker;
		};
		710888D328B4ECAF00F6AE6C /* PBXContainerItemProxy */ = {
			isa = PBXContainerItemProxy;
			containerPortal = 710888AA28B4ECAD00F6AE6C /* Project object */;
			proxyType = 1;
			remoteGlobalIDString = 710888B128B4ECAD00F6AE6C;
			remoteInfo = PalindromChecker;
		};
/* End PBXContainerItemProxy section */

/* Begin PBXFileReference section */
		710888B228B4ECAD00F6AE6C /* PalindromChecker.app */ = {isa = PBXFileReference; explicitFileType = wrapper.application; includeInIndex = 0; path = PalindromChecker.app; sourceTree = BUILT_PRODUCTS_DIR; };
		710888B528B4ECAD00F6AE6C /* AppDelegate.swift */ = {isa = PBXFileReference; lastKnownFileType = sourcecode.swift; path = AppDelegate.swift; sourceTree = "<group>"; };
		710888B728B4ECAD00F6AE6C /* SceneDelegate.swift */ = {isa = PBXFileReference; lastKnownFileType = sourcecode.swift; path = SceneDelegate.swift; sourceTree = "<group>"; };
		710888B928B4ECAD00F6AE6C /* ViewController.swift */ = {isa = PBXFileReference; lastKnownFileType = sourcecode.swift; path = ViewController.swift; sourceTree = "<group>"; };
		710888BC28B4ECAD00F6AE6C /* Base */ = {isa = PBXFileReference; lastKnownFileType = file.storyboard; name = Base; path = Base.lproj/Main.storyboard; sourceTree = "<group>"; };
		710888BE28B4ECAE00F6AE6C /* Assets.xcassets */ = {isa = PBXFileReference; lastKnownFileType = folder.assetcatalog; path = Assets.xcassets; sourceTree = "<group>"; };
		710888C128B4ECAE00F6AE6C /* Base */ = {isa = PBXFileReference; lastKnownFileType = file.storyboard; name = Base; path = Base.lproj/LaunchScreen.storyboard; sourceTree = "<group>"; };
		710888C328B4ECAE00F6AE6C /* Info.plist */ = {isa = PBXFileReference; lastKnownFileType = text.plist.xml; path = Info.plist; sourceTree = "<group>"; };
		710888C828B4ECAF00F6AE6C /* PalindromCheckerTests.xctest */ = {isa = PBXFileReference; explicitFileType = wrapper.cfbundle; includeInIndex = 0; path = PalindromCheckerTests.xctest; sourceTree = BUILT_PRODUCTS_DIR; };
		710888CC28B4ECAF00F6AE6C /* PalindromCheckerTests.swift */ = {isa = PBXFileReference; lastKnownFileType = sourcecode.swift; path = PalindromCheckerTests.swift; sourceTree = "<group>"; };
		710888D228B4ECAF00F6AE6C /* PalindromCheckerUITests.xctest */ = {isa = PBXFileReference; explicitFileType = wrapper.cfbundle; includeInIndex = 0; path = PalindromCheckerUITests.xctest; sourceTree = BUILT_PRODUCTS_DIR; };
		710888D628B4ECAF00F6AE6C /* PalindromCheckerUITests.swift */ = {isa = PBXFileReference; lastKnownFileType = sourcecode.swift; path = PalindromCheckerUITests.swift; sourceTree = "<group>"; };
		710888D828B4ECAF00F6AE6C /* PalindromCheckerUITestsLaunchTests.swift */ = {isa = PBXFileReference; lastKnownFileType = sourcecode.swift; path = PalindromCheckerUITestsLaunchTests.swift; sourceTree = "<group>"; };
		7121887328B5088700142BE9 /* String+Palindrom.swift */ = {isa = PBXFileReference; lastKnownFileType = sourcecode.swift; path = "String+Palindrom.swift"; sourceTree = "<group>"; };
/* End PBXFileReference section */

/* Begin PBXFrameworksBuildPhase section */
		710888AF28B4ECAD00F6AE6C /* Frameworks */ = {
			isa = PBXFrameworksBuildPhase;
			buildActionMask = 2147483647;
			files = (
			);
			runOnlyForDeploymentPostprocessing = 0;
		};
		710888C528B4ECAF00F6AE6C /* Frameworks */ = {
			isa = PBXFrameworksBuildPhase;
			buildActionMask = 2147483647;
			files = (
			);
			runOnlyForDeploymentPostprocessing = 0;
		};
		710888CF28B4ECAF00F6AE6C /* Frameworks */ = {
			isa = PBXFrameworksBuildPhase;
			buildActionMask = 2147483647;
			files = (
			);
			runOnlyForDeploymentPostprocessing = 0;
		};
/* End PBXFrameworksBuildPhase section */

/* Begin PBXGroup section */
		710888A928B4ECAD00F6AE6C = {
			isa = PBXGroup;
			children = (
				710888B428B4ECAD00F6AE6C /* PalindromChecker */,
				710888CB28B4ECAF00F6AE6C /* PalindromCheckerTests */,
				710888D528B4ECAF00F6AE6C /* PalindromCheckerUITests */,
				710888B328B4ECAD00F6AE6C /* Products */,
			);
			sourceTree = "<group>";
		};
		710888B328B4ECAD00F6AE6C /* Products */ = {
			isa = PBXGroup;
			children = (
				710888B228B4ECAD00F6AE6C /* PalindromChecker.app */,
				710888C828B4ECAF00F6AE6C /* PalindromCheckerTests.xctest */,
				710888D228B4ECAF00F6AE6C /* PalindromCheckerUITests.xctest */,
			);
			name = Products;
			sourceTree = "<group>";
		};
		710888B428B4ECAD00F6AE6C /* PalindromChecker */ = {
			isa = PBXGroup;
			children = (
				710888B528B4ECAD00F6AE6C /* AppDelegate.swift */,
				710888B728B4ECAD00F6AE6C /* SceneDelegate.swift */,
				710888B928B4ECAD00F6AE6C /* ViewController.swift */,
				710888BB28B4ECAD00F6AE6C /* Main.storyboard */,
				710888BE28B4ECAE00F6AE6C /* Assets.xcassets */,
				710888C028B4ECAE00F6AE6C /* LaunchScreen.storyboard */,
				710888C328B4ECAE00F6AE6C /* Info.plist */,
				7121887328B5088700142BE9 /* String+Palindrom.swift */,
			);
			path = PalindromChecker;
			sourceTree = "<group>";
		};
		710888CB28B4ECAF00F6AE6C /* PalindromCheckerTests */ = {
			isa = PBXGroup;
			children = (
				710888CC28B4ECAF00F6AE6C /* PalindromCheckerTests.swift */,
			);
			path = PalindromCheckerTests;
			sourceTree = "<group>";
		};
		710888D528B4ECAF00F6AE6C /* PalindromCheckerUITests */ = {
			isa = PBXGroup;
			children = (
				710888D628B4ECAF00F6AE6C /* PalindromCheckerUITests.swift */,
				710888D828B4ECAF00F6AE6C /* PalindromCheckerUITestsLaunchTests.swift */,
			);
			path = PalindromCheckerUITests;
			sourceTree = "<group>";
		};
/* End PBXGroup section */

/* Begin PBXNativeTarget section */
		710888B128B4ECAD00F6AE6C /* PalindromChecker */ = {
			isa = PBXNativeTarget;
			buildConfigurationList = 710888DC28B4ECAF00F6AE6C /* Build configuration list for PBXNativeTarget "PalindromChecker" */;
			buildPhases = (
				710888AE28B4ECAD00F6AE6C /* Sources */,
				710888AF28B4ECAD00F6AE6C /* Frameworks */,
				710888B028B4ECAD00F6AE6C /* Resources */,
			);
			buildRules = (
			);
			dependencies = (
			);
			name = PalindromChecker;
			productName = PalindromChecker;
			productReference = 710888B228B4ECAD00F6AE6C /* PalindromChecker.app */;
			productType = "com.apple.product-type.application";
		};
		710888C728B4ECAF00F6AE6C /* PalindromCheckerTests */ = {
			isa = PBXNativeTarget;
			buildConfigurationList = 710888DF28B4ECAF00F6AE6C /* Build configuration list for PBXNativeTarget "PalindromCheckerTests" */;
			buildPhases = (
				710888C428B4ECAF00F6AE6C /* Sources */,
				710888C528B4ECAF00F6AE6C /* Frameworks */,
				710888C628B4ECAF00F6AE6C /* Resources */,
			);
			buildRules = (
			);
			dependencies = (
				710888CA28B4ECAF00F6AE6C /* PBXTargetDependency */,
			);
			name = PalindromCheckerTests;
			productName = PalindromCheckerTests;
			productReference = 710888C828B4ECAF00F6AE6C /* PalindromCheckerTests.xctest */;
			productType = "com.apple.product-type.bundle.unit-test";
		};
		710888D128B4ECAF00F6AE6C /* PalindromCheckerUITests */ = {
			isa = PBXNativeTarget;
			buildConfigurationList = 710888E228B4ECAF00F6AE6C /* Build configuration list for PBXNativeTarget "PalindromCheckerUITests" */;
			buildPhases = (
				710888CE28B4ECAF00F6AE6C /* Sources */,
				710888CF28B4ECAF00F6AE6C /* Frameworks */,
				710888D028B4ECAF00F6AE6C /* Resources */,
			);
			buildRules = (
			);
			dependencies = (
				710888D428B4ECAF00F6AE6C /* PBXTargetDependency */,
			);
			name = PalindromCheckerUITests;
			productName = PalindromCheckerUITests;
			productReference = 710888D228B4ECAF00F6AE6C /* PalindromCheckerUITests.xctest */;
			productType = "com.apple.product-type.bundle.ui-testing";
		};
/* End PBXNativeTarget section */

/* Begin PBXProject section */
		710888AA28B4ECAD00F6AE6C /* Project object */ = {
			isa = PBXProject;
			attributes = {
				BuildIndependentTargetsInParallel = 1;
				LastSwiftUpdateCheck = 1340;
				LastUpgradeCheck = 1340;
				TargetAttributes = {
					710888B128B4ECAD00F6AE6C = {
						CreatedOnToolsVersion = 13.4.1;
					};
					710888C728B4ECAF00F6AE6C = {
						CreatedOnToolsVersion = 13.4.1;
						TestTargetID = 710888B128B4ECAD00F6AE6C;
					};
					710888D128B4ECAF00F6AE6C = {
						CreatedOnToolsVersion = 13.4.1;
						TestTargetID = 710888B128B4ECAD00F6AE6C;
					};
				};
			};
			buildConfigurationList = 710888AD28B4ECAD00F6AE6C /* Build configuration list for PBXProject "PalindromChecker" */;
			compatibilityVersion = "Xcode 13.0";
			developmentRegion = en;
			hasScannedForEncodings = 0;
			knownRegions = (
				en,
				Base,
			);
			mainGroup = 710888A928B4ECAD00F6AE6C;
			productRefGroup = 710888B328B4ECAD00F6AE6C /* Products */;
			projectDirPath = "";
			projectRoot = "";
			targets = (
				710888B128B4ECAD00F6AE6C /* PalindromChecker */,
				710888C728B4ECAF00F6AE6C /* PalindromCheckerTests */,
				710888D128B4ECAF00F6AE6C /* PalindromCheckerUITests */,
			);
		};
/* End PBXProject section */

/* Begin PBXResourcesBuildPhase section */
		710888B028B4ECAD00F6AE6C /* Resources */ = {
			isa = PBXResourcesBuildPhase;
			buildActionMask = 2147483647;
			files = (
				710888C228B4ECAE00F6AE6C /* LaunchScreen.storyboard in Resources */,
				710888BF28B4ECAE00F6AE6C /* Assets.xcassets in Resources */,
				710888BD28B4ECAD00F6AE6C /* Main.storyboard in Resources */,
			);
			runOnlyForDeploymentPostprocessing = 0;
		};
		710888C628B4ECAF00F6AE6C /* Resources */ = {
			isa = PBXResourcesBuildPhase;
			buildActionMask = 2147483647;
			files = (
			);
			runOnlyForDeploymentPostprocessing = 0;
		};
		710888D028B4ECAF00F6AE6C /* Resources */ = {
			isa = PBXResourcesBuildPhase;
			buildActionMask = 2147483647;
			files = (
			);
			runOnlyForDeploymentPostprocessing = 0;
		};
/* End PBXResourcesBuildPhase section */

/* Begin PBXSourcesBuildPhase section */
		710888AE28B4ECAD00F6AE6C /* Sources */ = {
			isa = PBXSourcesBuildPhase;
			buildActionMask = 2147483647;
			files = (
				710888BA28B4ECAD00F6AE6C /* ViewController.swift in Sources */,
				7121887428B5088700142BE9 /* String+Palindrom.swift in Sources */,
				710888B628B4ECAD00F6AE6C /* AppDelegate.swift in Sources */,
				710888B828B4ECAD00F6AE6C /* SceneDelegate.swift in Sources */,
			);
			runOnlyForDeploymentPostprocessing = 0;
		};
		710888C428B4ECAF00F6AE6C /* Sources */ = {
			isa = PBXSourcesBuildPhase;
			buildActionMask = 2147483647;
			files = (
				710888CD28B4ECAF00F6AE6C /* PalindromCheckerTests.swift in Sources */,
			);
			runOnlyForDeploymentPostprocessing = 0;
		};
		710888CE28B4ECAF00F6AE6C /* Sources */ = {
			isa = PBXSourcesBuildPhase;
			buildActionMask = 2147483647;
			files = (
				710888D728B4ECAF00F6AE6C /* PalindromCheckerUITests.swift in Sources */,
				710888D928B4ECAF00F6AE6C /* PalindromCheckerUITestsLaunchTests.swift in Sources */,
			);
			runOnlyForDeploymentPostprocessing = 0;
		};
/* End PBXSourcesBuildPhase section */

/* Begin PBXTargetDependency section */
		710888CA28B4ECAF00F6AE6C /* PBXTargetDependency */ = {
			isa = PBXTargetDependency;
			target = 710888B128B4ECAD00F6AE6C /* PalindromChecker */;
			targetProxy = 710888C928B4ECAF00F6AE6C /* PBXContainerItemProxy */;
		};
		710888D428B4ECAF00F6AE6C /* PBXTargetDependency */ = {
			isa = PBXTargetDependency;
			target = 710888B128B4ECAD00F6AE6C /* PalindromChecker */;
			targetProxy = 710888D328B4ECAF00F6AE6C /* PBXContainerItemProxy */;
		};
/* End PBXTargetDependency section */

/* Begin PBXVariantGroup section */
		710888BB28B4ECAD00F6AE6C /* Main.storyboard */ = {
			isa = PBXVariantGroup;
			children = (
				710888BC28B4ECAD00F6AE6C /* Base */,
			);
			name = Main.storyboard;
			sourceTree = "<group>";
		};
		710888C028B4ECAE00F6AE6C /* LaunchScreen.storyboard */ = {
			isa = PBXVariantGroup;
			children = (
				710888C128B4ECAE00F6AE6C /* Base */,
			);
			name = LaunchScreen.storyboard;
			sourceTree = "<group>";
		};
/* End PBXVariantGroup section */

/* Begin XCBuildConfiguration section */
		710888DA28B4ECAF00F6AE6C /* Debug */ = {
			isa = XCBuildConfiguration;
			buildSettings = {
				ALWAYS_SEARCH_USER_PATHS = NO;
				CLANG_ANALYZER_NONNULL = YES;
				CLANG_ANALYZER_NUMBER_OBJECT_CONVERSION = YES_AGGRESSIVE;
				CLANG_CXX_LANGUAGE_STANDARD = "gnu++17";
				CLANG_ENABLE_MODULES = YES;
				CLANG_ENABLE_OBJC_ARC = YES;
				CLANG_ENABLE_OBJC_WEAK = YES;
				CLANG_WARN_BLOCK_CAPTURE_AUTORELEASING = YES;
				CLANG_WARN_BOOL_CONVERSION = YES;
				CLANG_WARN_COMMA = YES;
				CLANG_WARN_CONSTANT_CONVERSION = YES;
				CLANG_WARN_DEPRECATED_OBJC_IMPLEMENTATIONS = YES;
				CLANG_WARN_DIRECT_OBJC_ISA_USAGE = YES_ERROR;
				CLANG_WARN_DOCUMENTATION_COMMENTS = YES;
				CLANG_WARN_EMPTY_BODY = YES;
				CLANG_WARN_ENUM_CONVERSION = YES;
				CLANG_WARN_INFINITE_RECURSION = YES;
				CLANG_WARN_INT_CONVERSION = YES;
				CLANG_WARN_NON_LITERAL_NULL_CONVERSION = YES;
				CLANG_WARN_OBJC_IMPLICIT_RETAIN_SELF = YES;
				CLANG_WARN_OBJC_LITERAL_CONVERSION = YES;
				CLANG_WARN_OBJC_ROOT_CLASS = YES_ERROR;
				CLANG_WARN_QUOTED_INCLUDE_IN_FRAMEWORK_HEADER = YES;
				CLANG_WARN_RANGE_LOOP_ANALYSIS = YES;
				CLANG_WARN_STRICT_PROTOTYPES = YES;
				CLANG_WARN_SUSPICIOUS_MOVE = YES;
				CLANG_WARN_UNGUARDED_AVAILABILITY = YES_AGGRESSIVE;
				CLANG_WARN_UNREACHABLE_CODE = YES;
				CLANG_WARN__DUPLICATE_METHOD_MATCH = YES;
				COPY_PHASE_STRIP = NO;
				DEBUG_INFORMATION_FORMAT = dwarf;
				ENABLE_STRICT_OBJC_MSGSEND = YES;
				ENABLE_TESTABILITY = YES;
				GCC_C_LANGUAGE_STANDARD = gnu11;
				GCC_DYNAMIC_NO_PIC = NO;
				GCC_NO_COMMON_BLOCKS = YES;
				GCC_OPTIMIZATION_LEVEL = 0;
				GCC_PREPROCESSOR_DEFINITIONS = (
					"DEBUG=1",
					"$(inherited)",
				);
				GCC_WARN_64_TO_32_BIT_CONVERSION = YES;
				GCC_WARN_ABOUT_RETURN_TYPE = YES_ERROR;
				GCC_WARN_UNDECLARED_SELECTOR = YES;
				GCC_WARN_UNINITIALIZED_AUTOS = YES_AGGRESSIVE;
				GCC_WARN_UNUSED_FUNCTION = YES;
				GCC_WARN_UNUSED_VARIABLE = YES;
				IPHONEOS_DEPLOYMENT_TARGET = 15.5;
				MTL_ENABLE_DEBUG_INFO = INCLUDE_SOURCE;
				MTL_FAST_MATH = YES;
				ONLY_ACTIVE_ARCH = YES;
				SDKROOT = iphoneos;
				SWIFT_ACTIVE_COMPILATION_CONDITIONS = DEBUG;
				SWIFT_OPTIMIZATION_LEVEL = "-Onone";
			};
			name = Debug;
		};
		710888DB28B4ECAF00F6AE6C /* Release */ = {
			isa = XCBuildConfiguration;
			buildSettings = {
				ALWAYS_SEARCH_USER_PATHS = NO;
				CLANG_ANALYZER_NONNULL = YES;
				CLANG_ANALYZER_NUMBER_OBJECT_CONVERSION = YES_AGGRESSIVE;
				CLANG_CXX_LANGUAGE_STANDARD = "gnu++17";
				CLANG_ENABLE_MODULES = YES;
				CLANG_ENABLE_OBJC_ARC = YES;
				CLANG_ENABLE_OBJC_WEAK = YES;
				CLANG_WARN_BLOCK_CAPTURE_AUTORELEASING = YES;
				CLANG_WARN_BOOL_CONVERSION = YES;
				CLANG_WARN_COMMA = YES;
				CLANG_WARN_CONSTANT_CONVERSION = YES;
				CLANG_WARN_DEPRECATED_OBJC_IMPLEMENTATIONS = YES;
				CLANG_WARN_DIRECT_OBJC_ISA_USAGE = YES_ERROR;
				CLANG_WARN_DOCUMENTATION_COMMENTS = YES;
				CLANG_WARN_EMPTY_BODY = YES;
				CLANG_WARN_ENUM_CONVERSION = YES;
				CLANG_WARN_INFINITE_RECURSION = YES;
				CLANG_WARN_INT_CONVERSION = YES;
				CLANG_WARN_NON_LITERAL_NULL_CONVERSION = YES;
				CLANG_WARN_OBJC_IMPLICIT_RETAIN_SELF = YES;
				CLANG_WARN_OBJC_LITERAL_CONVERSION = YES;
				CLANG_WARN_OBJC_ROOT_CLASS = YES_ERROR;
				CLANG_WARN_QUOTED_INCLUDE_IN_FRAMEWORK_HEADER = YES;
				CLANG_WARN_RANGE_LOOP_ANALYSIS = YES;
				CLANG_WARN_STRICT_PROTOTYPES = YES;
				CLANG_WARN_SUSPICIOUS_MOVE = YES;
				CLANG_WARN_UNGUARDED_AVAILABILITY = YES_AGGRESSIVE;
				CLANG_WARN_UNREACHABLE_CODE = YES;
				CLANG_WARN__DUPLICATE_METHOD_MATCH = YES;
				COPY_PHASE_STRIP = NO;
				DEBUG_INFORMATION_FORMAT = "dwarf-with-dsym";
				ENABLE_NS_ASSERTIONS = NO;
				ENABLE_STRICT_OBJC_MSGSEND = YES;
				GCC_C_LANGUAGE_STANDARD = gnu11;
				GCC_NO_COMMON_BLOCKS = YES;
				GCC_WARN_64_TO_32_BIT_CONVERSION = YES;
				GCC_WARN_ABOUT_RETURN_TYPE = YES_ERROR;
				GCC_WARN_UNDECLARED_SELECTOR = YES;
				GCC_WARN_UNINITIALIZED_AUTOS = YES_AGGRESSIVE;
				GCC_WARN_UNUSED_FUNCTION = YES;
				GCC_WARN_UNUSED_VARIABLE = YES;
				IPHONEOS_DEPLOYMENT_TARGET = 15.5;
				MTL_ENABLE_DEBUG_INFO = NO;
				MTL_FAST_MATH = YES;
				SDKROOT = iphoneos;
				SWIFT_COMPILATION_MODE = wholemodule;
				SWIFT_OPTIMIZATION_LEVEL = "-O";
				VALIDATE_PRODUCT = YES;
			};
			name = Release;
		};
		710888DD28B4ECAF00F6AE6C /* Debug */ = {
			isa = XCBuildConfiguration;
			buildSettings = {
				ASSETCATALOG_COMPILER_APPICON_NAME = AppIcon;
				ASSETCATALOG_COMPILER_GLOBAL_ACCENT_COLOR_NAME = AccentColor;
				CODE_SIGN_STYLE = Automatic;
				CURRENT_PROJECT_VERSION = 1;
				DEVELOPMENT_TEAM = 5255C5AY4L;
				GENERATE_INFOPLIST_FILE = YES;
				INFOPLIST_FILE = PalindromChecker/Info.plist;
				INFOPLIST_KEY_UIApplicationSupportsIndirectInputEvents = YES;
				INFOPLIST_KEY_UILaunchStoryboardName = LaunchScreen;
				INFOPLIST_KEY_UIMainStoryboardFile = Main;
				INFOPLIST_KEY_UISupportedInterfaceOrientations_iPad = "UIInterfaceOrientationPortrait UIInterfaceOrientationPortraitUpsideDown UIInterfaceOrientationLandscapeLeft UIInterfaceOrientationLandscapeRight";
				INFOPLIST_KEY_UISupportedInterfaceOrientations_iPhone = "UIInterfaceOrientationPortrait UIInterfaceOrientationLandscapeLeft UIInterfaceOrientationLandscapeRight";
				LD_RUNPATH_SEARCH_PATHS = (
					"$(inherited)",
					"@executable_path/Frameworks",
				);
				MARKETING_VERSION = 1.0;
				PRODUCT_BUNDLE_IDENTIFIER = de.deutschepost.PalindromChecker;
				PRODUCT_NAME = "$(TARGET_NAME)";
				SWIFT_EMIT_LOC_STRINGS = YES;
				SWIFT_VERSION = 5.0;
				TARGETED_DEVICE_FAMILY = "1,2";
			};
			name = Debug;
		};
		710888DE28B4ECAF00F6AE6C /* Release */ = {
			isa = XCBuildConfiguration;
			buildSettings = {
				ASSETCATALOG_COMPILER_APPICON_NAME = AppIcon;
				ASSETCATALOG_COMPILER_GLOBAL_ACCENT_COLOR_NAME = AccentColor;
				CODE_SIGN_STYLE = Automatic;
				CURRENT_PROJECT_VERSION = 1;
				DEVELOPMENT_TEAM = 5255C5AY4L;
				GENERATE_INFOPLIST_FILE = YES;
				INFOPLIST_FILE = PalindromChecker/Info.plist;
				INFOPLIST_KEY_UIApplicationSupportsIndirectInputEvents = YES;
				INFOPLIST_KEY_UILaunchStoryboardName = LaunchScreen;
				INFOPLIST_KEY_UIMainStoryboardFile = Main;
				INFOPLIST_KEY_UISupportedInterfaceOrientations_iPad = "UIInterfaceOrientationPortrait UIInterfaceOrientationPortraitUpsideDown UIInterfaceOrientationLandscapeLeft UIInterfaceOrientationLandscapeRight";
				INFOPLIST_KEY_UISupportedInterfaceOrientations_iPhone = "UIInterfaceOrientationPortrait UIInterfaceOrientationLandscapeLeft UIInterfaceOrientationLandscapeRight";
				LD_RUNPATH_SEARCH_PATHS = (
					"$(inherited)",
					"@executable_path/Frameworks",
				);
				MARKETING_VERSION = 1.0;
				PRODUCT_BUNDLE_IDENTIFIER = de.deutschepost.PalindromChecker;
				PRODUCT_NAME = "$(TARGET_NAME)";
				SWIFT_EMIT_LOC_STRINGS = YES;
				SWIFT_VERSION = 5.0;
				TARGETED_DEVICE_FAMILY = "1,2";
			};
			name = Release;
		};
		710888E028B4ECAF00F6AE6C /* Debug */ = {
			isa = XCBuildConfiguration;
			buildSettings = {
				ALWAYS_EMBED_SWIFT_STANDARD_LIBRARIES = YES;
				BUNDLE_LOADER = "$(TEST_HOST)";
				CODE_SIGN_STYLE = Automatic;
				CURRENT_PROJECT_VERSION = 1;
				DEVELOPMENT_TEAM = 5255C5AY4L;
				GENERATE_INFOPLIST_FILE = YES;
				IPHONEOS_DEPLOYMENT_TARGET = 15.5;
				MARKETING_VERSION = 1.0;
				PRODUCT_BUNDLE_IDENTIFIER = de.deutschepost.PalindromCheckerTests;
				PRODUCT_NAME = "$(TARGET_NAME)";
				SWIFT_EMIT_LOC_STRINGS = NO;
				SWIFT_VERSION = 5.0;
				TARGETED_DEVICE_FAMILY = "1,2";
				TEST_HOST = "$(BUILT_PRODUCTS_DIR)/PalindromChecker.app/PalindromChecker";
			};
			name = Debug;
		};
		710888E128B4ECAF00F6AE6C /* Release */ = {
			isa = XCBuildConfiguration;
			buildSettings = {
				ALWAYS_EMBED_SWIFT_STANDARD_LIBRARIES = YES;
				BUNDLE_LOADER = "$(TEST_HOST)";
				CODE_SIGN_STYLE = Automatic;
				CURRENT_PROJECT_VERSION = 1;
				DEVELOPMENT_TEAM = 5255C5AY4L;
				GENERATE_INFOPLIST_FILE = YES;
				IPHONEOS_DEPLOYMENT_TARGET = 15.5;
				MARKETING_VERSION = 1.0;
				PRODUCT_BUNDLE_IDENTIFIER = de.deutschepost.PalindromCheckerTests;
				PRODUCT_NAME = "$(TARGET_NAME)";
				SWIFT_EMIT_LOC_STRINGS = NO;
				SWIFT_VERSION = 5.0;
				TARGETED_DEVICE_FAMILY = "1,2";
				TEST_HOST = "$(BUILT_PRODUCTS_DIR)/PalindromChecker.app/PalindromChecker";
			};
			name = Release;
		};
		710888E328B4ECAF00F6AE6C /* Debug */ = {
			isa = XCBuildConfiguration;
			buildSettings = {
				ALWAYS_EMBED_SWIFT_STANDARD_LIBRARIES = YES;
				CODE_SIGN_STYLE = Automatic;
				CURRENT_PROJECT_VERSION = 1;
				DEVELOPMENT_TEAM = 5255C5AY4L;
				GENERATE_INFOPLIST_FILE = YES;
				MARKETING_VERSION = 1.0;
				PRODUCT_BUNDLE_IDENTIFIER = de.deutschepost.PalindromCheckerUITests;
				PRODUCT_NAME = "$(TARGET_NAME)";
				SWIFT_EMIT_LOC_STRINGS = NO;
				SWIFT_VERSION = 5.0;
				TARGETED_DEVICE_FAMILY = "1,2";
				TEST_TARGET_NAME = PalindromChecker;
			};
			name = Debug;
		};
		710888E428B4ECAF00F6AE6C /* Release */ = {
			isa = XCBuildConfiguration;
			buildSettings = {
				ALWAYS_EMBED_SWIFT_STANDARD_LIBRARIES = YES;
				CODE_SIGN_STYLE = Automatic;
				CURRENT_PROJECT_VERSION = 1;
				DEVELOPMENT_TEAM = 5255C5AY4L;
				GENERATE_INFOPLIST_FILE = YES;
				MARKETING_VERSION = 1.0;
				PRODUCT_BUNDLE_IDENTIFIER = de.deutschepost.PalindromCheckerUITests;
				PRODUCT_NAME = "$(TARGET_NAME)";
				SWIFT_EMIT_LOC_STRINGS = NO;
				SWIFT_VERSION = 5.0;
				TARGETED_DEVICE_FAMILY = "1,2";
				TEST_TARGET_NAME = PalindromChecker;
			};
			name = Release;
		};
/* End XCBuildConfiguration section */

/* Begin XCConfigurationList section */
		710888AD28B4ECAD00F6AE6C /* Build configuration list for PBXProject "PalindromChecker" */ = {
			isa = XCConfigurationList;
			buildConfigurations = (
				710888DA28B4ECAF00F6AE6C /* Debug */,
				710888DB28B4ECAF00F6AE6C /* Release */,
			);
			defaultConfigurationIsVisible = 0;
			defaultConfigurationName = Release;
		};
		710888DC28B4ECAF00F6AE6C /* Build configuration list for PBXNativeTarget "PalindromChecker" */ = {
			isa = XCConfigurationList;
			buildConfigurations = (
				710888DD28B4ECAF00F6AE6C /* Debug */,
				710888DE28B4ECAF00F6AE6C /* Release */,
			);
			defaultConfigurationIsVisible = 0;
			defaultConfigurationName = Release;
		};
		710888DF28B4ECAF00F6AE6C /* Build configuration list for PBXNativeTarget "PalindromCheckerTests" */ = {
			isa = XCConfigurationList;
			buildConfigurations = (
				710888E028B4ECAF00F6AE6C /* Debug */,
				710888E128B4ECAF00F6AE6C /* Release */,
			);
			defaultConfigurationIsVisible = 0;
			defaultConfigurationName = Release;
		};
		710888E228B4ECAF00F6AE6C /* Build configuration list for PBXNativeTarget "PalindromCheckerUITests" */ = {
			isa = XCConfigurationList;
			buildConfigurations = (
				710888E328B4ECAF00F6AE6C /* Debug */,
				710888E428B4ECAF00F6AE6C /* Release */,
			);
			defaultConfigurationIsVisible = 0;
			defaultConfigurationName = Release;
		};
/* End XCConfigurationList section */
	};
	rootObject = 710888AA28B4ECAD00F6AE6C /* Project object */;
}
